// !$*UTF8*$!
{
	archiveVersion = 1;
	classes = {
	};
	objectVersion = 50;
	objects = {

/* Begin PBXBuildFile section */
		746C6A5224B0BD1B006358BE /* AppDelegate.swift in Sources */ = {isa = PBXBuildFile; fileRef = 746C6A5124B0BD1B006358BE /* AppDelegate.swift */; };
		746C6A5424B0BD1B006358BE /* SceneDelegate.swift in Sources */ = {isa = PBXBuildFile; fileRef = 746C6A5324B0BD1B006358BE /* SceneDelegate.swift */; };
		746C6A5624B0BD1B006358BE /* ContentView.swift in Sources */ = {isa = PBXBuildFile; fileRef = 746C6A5524B0BD1B006358BE /* ContentView.swift */; };
		746C6A5824B0BD1C006358BE /* Assets.xcassets in Resources */ = {isa = PBXBuildFile; fileRef = 746C6A5724B0BD1C006358BE /* Assets.xcassets */; };
		746C6A5B24B0BD1C006358BE /* Preview Assets.xcassets in Resources */ = {isa = PBXBuildFile; fileRef = 746C6A5A24B0BD1C006358BE /* Preview Assets.xcassets */; };
		746C6A5E24B0BD1C006358BE /* LaunchScreen.storyboard in Resources */ = {isa = PBXBuildFile; fileRef = 746C6A5C24B0BD1C006358BE /* LaunchScreen.storyboard */; };
		746C6A6924B0BD1C006358BE /* ProgressbarTests.swift in Sources */ = {isa = PBXBuildFile; fileRef = 746C6A6824B0BD1C006358BE /* ProgressbarTests.swift */; };
		746C6A7424B0BD1C006358BE /* ProgressbarUITests.swift in Sources */ = {isa = PBXBuildFile; fileRef = 746C6A7324B0BD1C006358BE /* ProgressbarUITests.swift */; };
/* End PBXBuildFile section */

/* Begin PBXContainerItemProxy section */
		746C6A6524B0BD1C006358BE /* PBXContainerItemProxy */ = {
			isa = PBXContainerItemProxy;
			containerPortal = 746C6A4624B0BD1B006358BE /* Project object */;
			proxyType = 1;
			remoteGlobalIDString = 746C6A4D24B0BD1B006358BE;
			remoteInfo = Progressbar;
		};
		746C6A7024B0BD1C006358BE /* PBXContainerItemProxy */ = {
			isa = PBXContainerItemProxy;
			containerPortal = 746C6A4624B0BD1B006358BE /* Project object */;
			proxyType = 1;
			remoteGlobalIDString = 746C6A4D24B0BD1B006358BE;
			remoteInfo = Progressbar;
		};
/* End PBXContainerItemProxy section */

/* Begin PBXFileReference section */
		746C6A4E24B0BD1B006358BE /* Progressbar.app */ = {isa = PBXFileReference; explicitFileType = wrapper.application; includeInIndex = 0; path = Progressbar.app; sourceTree = BUILT_PRODUCTS_DIR; };
		746C6A5124B0BD1B006358BE /* AppDelegate.swift */ = {isa = PBXFileReference; lastKnownFileType = sourcecode.swift; path = AppDelegate.swift; sourceTree = "<group>"; };
		746C6A5324B0BD1B006358BE /* SceneDelegate.swift */ = {isa = PBXFileReference; lastKnownFileType = sourcecode.swift; path = SceneDelegate.swift; sourceTree = "<group>"; };
		746C6A5524B0BD1B006358BE /* ContentView.swift */ = {isa = PBXFileReference; lastKnownFileType = sourcecode.swift; path = ContentView.swift; sourceTree = "<group>"; };
		746C6A5724B0BD1C006358BE /* Assets.xcassets */ = {isa = PBXFileReference; lastKnownFileType = folder.assetcatalog; path = Assets.xcassets; sourceTree = "<group>"; };
		746C6A5A24B0BD1C006358BE /* Preview Assets.xcassets */ = {isa = PBXFileReference; lastKnownFileType = folder.assetcatalog; path = "Preview Assets.xcassets"; sourceTree = "<group>"; };
		746C6A5D24B0BD1C006358BE /* Base */ = {isa = PBXFileReference; lastKnownFileType = file.storyboard; name = Base; path = Base.lproj/LaunchScreen.storyboard; sourceTree = "<group>"; };
		746C6A5F24B0BD1C006358BE /* Info.plist */ = {isa = PBXFileReference; lastKnownFileType = text.plist.xml; path = Info.plist; sourceTree = "<group>"; };
		746C6A6424B0BD1C006358BE /* ProgressbarTests.xctest */ = {isa = PBXFileReference; explicitFileType = wrapper.cfbundle; includeInIndex = 0; path = ProgressbarTests.xctest; sourceTree = BUILT_PRODUCTS_DIR; };
		746C6A6824B0BD1C006358BE /* ProgressbarTests.swift */ = {isa = PBXFileReference; lastKnownFileType = sourcecode.swift; path = ProgressbarTests.swift; sourceTree = "<group>"; };
		746C6A6A24B0BD1C006358BE /* Info.plist */ = {isa = PBXFileReference; lastKnownFileType = text.plist.xml; path = Info.plist; sourceTree = "<group>"; };
		746C6A6F24B0BD1C006358BE /* ProgressbarUITests.xctest */ = {isa = PBXFileReference; explicitFileType = wrapper.cfbundle; includeInIndex = 0; path = ProgressbarUITests.xctest; sourceTree = BUILT_PRODUCTS_DIR; };
		746C6A7324B0BD1C006358BE /* ProgressbarUITests.swift */ = {isa = PBXFileReference; lastKnownFileType = sourcecode.swift; path = ProgressbarUITests.swift; sourceTree = "<group>"; };
		746C6A7524B0BD1C006358BE /* Info.plist */ = {isa = PBXFileReference; lastKnownFileType = text.plist.xml; path = Info.plist; sourceTree = "<group>"; };
/* End PBXFileReference section */

/* Begin PBXFrameworksBuildPhase section */
		746C6A4B24B0BD1B006358BE /* Frameworks */ = {
			isa = PBXFrameworksBuildPhase;
			buildActionMask = 2147483647;
			files = (
			);
			runOnlyForDeploymentPostprocessing = 0;
		};
		746C6A6124B0BD1C006358BE /* Frameworks */ = {
			isa = PBXFrameworksBuildPhase;
			buildActionMask = 2147483647;
			files = (
			);
			runOnlyForDeploymentPostprocessing = 0;
		};
		746C6A6C24B0BD1C006358BE /* Frameworks */ = {
			isa = PBXFrameworksBuildPhase;
			buildActionMask = 2147483647;
			files = (
			);
			runOnlyForDeploymentPostprocessing = 0;
		};
/* End PBXFrameworksBuildPhase section */

/* Begin PBXGroup section */
		746C6A4524B0BD1B006358BE = {
			isa = PBXGroup;
			children = (
				746C6A5024B0BD1B006358BE /* Progressbar */,
				746C6A6724B0BD1C006358BE /* ProgressbarTests */,
				746C6A7224B0BD1C006358BE /* ProgressbarUITests */,
				746C6A4F24B0BD1B006358BE /* Products */,
			);
			sourceTree = "<group>";
		};
		746C6A4F24B0BD1B006358BE /* Products */ = {
			isa = PBXGroup;
			children = (
				746C6A4E24B0BD1B006358BE /* Progressbar.app */,
				746C6A6424B0BD1C006358BE /* ProgressbarTests.xctest */,
				746C6A6F24B0BD1C006358BE /* ProgressbarUITests.xctest */,
			);
			name = Products;
			sourceTree = "<group>";
		};
		746C6A5024B0BD1B006358BE /* Progressbar */ = {
			isa = PBXGroup;
			children = (
				746C6A5124B0BD1B006358BE /* AppDelegate.swift */,
				746C6A5324B0BD1B006358BE /* SceneDelegate.swift */,
				746C6A5524B0BD1B006358BE /* ContentView.swift */,
				746C6A5724B0BD1C006358BE /* Assets.xcassets */,
				746C6A5C24B0BD1C006358BE /* LaunchScreen.storyboard */,
				746C6A5F24B0BD1C006358BE /* Info.plist */,
				746C6A5924B0BD1C006358BE /* Preview Content */,
			);
			path = Progressbar;
			sourceTree = "<group>";
		};
		746C6A5924B0BD1C006358BE /* Preview Content */ = {
			isa = PBXGroup;
			children = (
				746C6A5A24B0BD1C006358BE /* Preview Assets.xcassets */,
			);
			path = "Preview Content";
			sourceTree = "<group>";
		};
		746C6A6724B0BD1C006358BE /* ProgressbarTests */ = {
			isa = PBXGroup;
			children = (
				746C6A6824B0BD1C006358BE /* ProgressbarTests.swift */,
				746C6A6A24B0BD1C006358BE /* Info.plist */,
			);
			path = ProgressbarTests;
			sourceTree = "<group>";
		};
		746C6A7224B0BD1C006358BE /* ProgressbarUITests */ = {
			isa = PBXGroup;
			children = (
				746C6A7324B0BD1C006358BE /* ProgressbarUITests.swift */,
				746C6A7524B0BD1C006358BE /* Info.plist */,
			);
			path = ProgressbarUITests;
			sourceTree = "<group>";
		};
/* End PBXGroup section */

/* Begin PBXNativeTarget section */
		746C6A4D24B0BD1B006358BE /* Progressbar */ = {
			isa = PBXNativeTarget;
			buildConfigurationList = 746C6A7824B0BD1C006358BE /* Build configuration list for PBXNativeTarget "Progressbar" */;
			buildPhases = (
				746C6A4A24B0BD1B006358BE /* Sources */,
				746C6A4B24B0BD1B006358BE /* Frameworks */,
				746C6A4C24B0BD1B006358BE /* Resources */,
			);
			buildRules = (
			);
			dependencies = (
			);
			name = Progressbar;
			productName = Progressbar;
			productReference = 746C6A4E24B0BD1B006358BE /* Progressbar.app */;
			productType = "com.apple.product-type.application";
		};
		746C6A6324B0BD1C006358BE /* ProgressbarTests */ = {
			isa = PBXNativeTarget;
			buildConfigurationList = 746C6A7B24B0BD1C006358BE /* Build configuration list for PBXNativeTarget "ProgressbarTests" */;
			buildPhases = (
				746C6A6024B0BD1C006358BE /* Sources */,
				746C6A6124B0BD1C006358BE /* Frameworks */,
				746C6A6224B0BD1C006358BE /* Resources */,
			);
			buildRules = (
			);
			dependencies = (
				746C6A6624B0BD1C006358BE /* PBXTargetDependency */,
			);
			name = ProgressbarTests;
			productName = ProgressbarTests;
			productReference = 746C6A6424B0BD1C006358BE /* ProgressbarTests.xctest */;
			productType = "com.apple.product-type.bundle.unit-test";
		};
		746C6A6E24B0BD1C006358BE /* ProgressbarUITests */ = {
			isa = PBXNativeTarget;
			buildConfigurationList = 746C6A7E24B0BD1C006358BE /* Build configuration list for PBXNativeTarget "ProgressbarUITests" */;
			buildPhases = (
				746C6A6B24B0BD1C006358BE /* Sources */,
				746C6A6C24B0BD1C006358BE /* Frameworks */,
				746C6A6D24B0BD1C006358BE /* Resources */,
			);
			buildRules = (
			);
			dependencies = (
				746C6A7124B0BD1C006358BE /* PBXTargetDependency */,
			);
			name = ProgressbarUITests;
			productName = ProgressbarUITests;
			productReference = 746C6A6F24B0BD1C006358BE /* ProgressbarUITests.xctest */;
			productType = "com.apple.product-type.bundle.ui-testing";
		};
/* End PBXNativeTarget section */

/* Begin PBXProject section */
		746C6A4624B0BD1B006358BE /* Project object */ = {
			isa = PBXProject;
			attributes = {
				LastSwiftUpdateCheck = 1200;
				LastUpgradeCheck = 1200;
				TargetAttributes = {
					746C6A4D24B0BD1B006358BE = {
						CreatedOnToolsVersion = 12.0;
					};
					746C6A6324B0BD1C006358BE = {
						CreatedOnToolsVersion = 12.0;
						TestTargetID = 746C6A4D24B0BD1B006358BE;
					};
					746C6A6E24B0BD1C006358BE = {
						CreatedOnToolsVersion = 12.0;
						TestTargetID = 746C6A4D24B0BD1B006358BE;
					};
				};
			};
			buildConfigurationList = 746C6A4924B0BD1B006358BE /* Build configuration list for PBXProject "Progressbar" */;
			compatibilityVersion = "Xcode 9.3";
			developmentRegion = en;
			hasScannedForEncodings = 0;
			knownRegions = (
				en,
				Base,
			);
			mainGroup = 746C6A4524B0BD1B006358BE;
			productRefGroup = 746C6A4F24B0BD1B006358BE /* Products */;
			projectDirPath = "";
			projectRoot = "";
			targets = (
				746C6A4D24B0BD1B006358BE /* Progressbar */,
				746C6A6324B0BD1C006358BE /* ProgressbarTests */,
				746C6A6E24B0BD1C006358BE /* ProgressbarUITests */,
			);
		};
/* End PBXProject section */

/* Begin PBXResourcesBuildPhase section */
		746C6A4C24B0BD1B006358BE /* Resources */ = {
			isa = PBXResourcesBuildPhase;
			buildActionMask = 2147483647;
			files = (
				746C6A5E24B0BD1C006358BE /* LaunchScreen.storyboard in Resources */,
				746C6A5B24B0BD1C006358BE /* Preview Assets.xcassets in Resources */,
				746C6A5824B0BD1C006358BE /* Assets.xcassets in Resources */,
			);
			runOnlyForDeploymentPostprocessing = 0;
		};
		746C6A6224B0BD1C006358BE /* Resources */ = {
			isa = PBXResourcesBuildPhase;
			buildActionMask = 2147483647;
			files = (
			);
			runOnlyForDeploymentPostprocessing = 0;
		};
		746C6A6D24B0BD1C006358BE /* Resources */ = {
			isa = PBXResourcesBuildPhase;
			buildActionMask = 2147483647;
			files = (
			);
			runOnlyForDeploymentPostprocessing = 0;
		};
/* End PBXResourcesBuildPhase section */

/* Begin PBXSourcesBuildPhase section */
		746C6A4A24B0BD1B006358BE /* Sources */ = {
			isa = PBXSourcesBuildPhase;
			buildActionMask = 2147483647;
			files = (
				746C6A5224B0BD1B006358BE /* AppDelegate.swift in Sources */,
				746C6A5424B0BD1B006358BE /* SceneDelegate.swift in Sources */,
				746C6A5624B0BD1B006358BE /* ContentView.swift in Sources */,
			);
			runOnlyForDeploymentPostprocessing = 0;
		};
		746C6A6024B0BD1C006358BE /* Sources */ = {
			isa = PBXSourcesBuildPhase;
			buildActionMask = 2147483647;
			files = (
				746C6A6924B0BD1C006358BE /* ProgressbarTests.swift in Sources */,
			);
			runOnlyForDeploymentPostprocessing = 0;
		};
		746C6A6B24B0BD1C006358BE /* Sources */ = {
			isa = PBXSourcesBuildPhase;
			buildActionMask = 2147483647;
			files = (
				746C6A7424B0BD1C006358BE /* ProgressbarUITests.swift in Sources */,
			);
			runOnlyForDeploymentPostprocessing = 0;
		};
/* End PBXSourcesBuildPhase section */

/* Begin PBXTargetDependency section */
		746C6A6624B0BD1C006358BE /* PBXTargetDependency */ = {
			isa = PBXTargetDependency;
			target = 746C6A4D24B0BD1B006358BE /* Progressbar */;
			targetProxy = 746C6A6524B0BD1C006358BE /* PBXContainerItemProxy */;
		};
		746C6A7124B0BD1C006358BE /* PBXTargetDependency */ = {
			isa = PBXTargetDependency;
			target = 746C6A4D24B0BD1B006358BE /* Progressbar */;
			targetProxy = 746C6A7024B0BD1C006358BE /* PBXContainerItemProxy */;
		};
/* End PBXTargetDependency section */

/* Begin PBXVariantGroup section */
		746C6A5C24B0BD1C006358BE /* LaunchScreen.storyboard */ = {
			isa = PBXVariantGroup;
			children = (
				746C6A5D24B0BD1C006358BE /* Base */,
			);
			name = LaunchScreen.storyboard;
			sourceTree = "<group>";
		};
/* End PBXVariantGroup section */

/* Begin XCBuildConfiguration section */
		746C6A7624B0BD1C006358BE /* Debug */ = {
			isa = XCBuildConfiguration;
			buildSettings = {
				ALWAYS_SEARCH_USER_PATHS = NO;
				CLANG_ANALYZER_NONNULL = YES;
				CLANG_ANALYZER_NUMBER_OBJECT_CONVERSION = YES_AGGRESSIVE;
				CLANG_CXX_LANGUAGE_STANDARD = "gnu++14";
				CLANG_CXX_LIBRARY = "libc++";
				CLANG_ENABLE_MODULES = YES;
				CLANG_ENABLE_OBJC_ARC = YES;
				CLANG_ENABLE_OBJC_WEAK = YES;
				CLANG_WARN_BLOCK_CAPTURE_AUTORELEASING = YES;
				CLANG_WARN_BOOL_CONVERSION = YES;
				CLANG_WARN_COMMA = YES;
				CLANG_WARN_CONSTANT_CONVERSION = YES;
				CLANG_WARN_DEPRECATED_OBJC_IMPLEMENTATIONS = YES;
				CLANG_WARN_DIRECT_OBJC_ISA_USAGE = YES_ERROR;
				CLANG_WARN_DOCUMENTATION_COMMENTS = YES;
				CLANG_WARN_EMPTY_BODY = YES;
				CLANG_WARN_ENUM_CONVERSION = YES;
				CLANG_WARN_INFINITE_RECURSION = YES;
				CLANG_WARN_INT_CONVERSION = YES;
				CLANG_WARN_NON_LITERAL_NULL_CONVERSION = YES;
				CLANG_WARN_OBJC_IMPLICIT_RETAIN_SELF = YES;
				CLANG_WARN_OBJC_LITERAL_CONVERSION = YES;
				CLANG_WARN_OBJC_ROOT_CLASS = YES_ERROR;
				CLANG_WARN_QUOTED_INCLUDE_IN_FRAMEWORK_HEADER = YES;
				CLANG_WARN_RANGE_LOOP_ANALYSIS = YES;
				CLANG_WARN_STRICT_PROTOTYPES = YES;
				CLANG_WARN_SUSPICIOUS_MOVE = YES;
				CLANG_WARN_UNGUARDED_AVAILABILITY = YES_AGGRESSIVE;
				CLANG_WARN_UNREACHABLE_CODE = YES;
				CLANG_WARN__DUPLICATE_METHOD_MATCH = YES;
				COPY_PHASE_STRIP = NO;
				DEBUG_INFORMATION_FORMAT = dwarf;
				ENABLE_STRICT_OBJC_MSGSEND = YES;
				ENABLE_TESTABILITY = YES;
				GCC_C_LANGUAGE_STANDARD = gnu11;
				GCC_DYNAMIC_NO_PIC = NO;
				GCC_NO_COMMON_BLOCKS = YES;
				GCC_OPTIMIZATION_LEVEL = 0;
				GCC_PREPROCESSOR_DEFINITIONS = (
					"DEBUG=1",
					"$(inherited)",
				);
				GCC_WARN_64_TO_32_BIT_CONVERSION = YES;
				GCC_WARN_ABOUT_RETURN_TYPE = YES_ERROR;
				GCC_WARN_UNDECLARED_SELECTOR = YES;
				GCC_WARN_UNINITIALIZED_AUTOS = YES_AGGRESSIVE;
				GCC_WARN_UNUSED_FUNCTION = YES;
				GCC_WARN_UNUSED_VARIABLE = YES;
				IPHONEOS_DEPLOYMENT_TARGET = 14.0;
				MTL_ENABLE_DEBUG_INFO = INCLUDE_SOURCE;
				MTL_FAST_MATH = YES;
				ONLY_ACTIVE_ARCH = YES;
				SDKROOT = iphoneos;
				SWIFT_ACTIVE_COMPILATION_CONDITIONS = DEBUG;
				SWIFT_OPTIMIZATION_LEVEL = "-Onone";
			};
			name = Debug;
		};
		746C6A7724B0BD1C006358BE /* Release */ = {
			isa = XCBuildConfiguration;
			buildSettings = {
				ALWAYS_SEARCH_USER_PATHS = NO;
				CLANG_ANALYZER_NONNULL = YES;
				CLANG_ANALYZER_NUMBER_OBJECT_CONVERSION = YES_AGGRESSIVE;
				CLANG_CXX_LANGUAGE_STANDARD = "gnu++14";
				CLANG_CXX_LIBRARY = "libc++";
				CLANG_ENABLE_MODULES = YES;
				CLANG_ENABLE_OBJC_ARC = YES;
				CLANG_ENABLE_OBJC_WEAK = YES;
				CLANG_WARN_BLOCK_CAPTURE_AUTORELEASING = YES;
				CLANG_WARN_BOOL_CONVERSION = YES;
				CLANG_WARN_COMMA = YES;
				CLANG_WARN_CONSTANT_CONVERSION = YES;
				CLANG_WARN_DEPRECATED_OBJC_IMPLEMENTATIONS = YES;
				CLANG_WARN_DIRECT_OBJC_ISA_USAGE = YES_ERROR;
				CLANG_WARN_DOCUMENTATION_COMMENTS = YES;
				CLANG_WARN_EMPTY_BODY = YES;
				CLANG_WARN_ENUM_CONVERSION = YES;
				CLANG_WARN_INFINITE_RECURSION = YES;
				CLANG_WARN_INT_CONVERSION = YES;
				CLANG_WARN_NON_LITERAL_NULL_CONVERSION = YES;
				CLANG_WARN_OBJC_IMPLICIT_RETAIN_SELF = YES;
				CLANG_WARN_OBJC_LITERAL_CONVERSION = YES;
				CLANG_WARN_OBJC_ROOT_CLASS = YES_ERROR;
				CLANG_WARN_QUOTED_INCLUDE_IN_FRAMEWORK_HEADER = YES;
				CLANG_WARN_RANGE_LOOP_ANALYSIS = YES;
				CLANG_WARN_STRICT_PROTOTYPES = YES;
				CLANG_WARN_SUSPICIOUS_MOVE = YES;
				CLANG_WARN_UNGUARDED_AVAILABILITY = YES_AGGRESSIVE;
				CLANG_WARN_UNREACHABLE_CODE = YES;
				CLANG_WARN__DUPLICATE_METHOD_MATCH = YES;
				COPY_PHASE_STRIP = NO;
				DEBUG_INFORMATION_FORMAT = "dwarf-with-dsym";
				ENABLE_NS_ASSERTIONS = NO;
				ENABLE_STRICT_OBJC_MSGSEND = YES;
				GCC_C_LANGUAGE_STANDARD = gnu11;
				GCC_NO_COMMON_BLOCKS = YES;
				GCC_WARN_64_TO_32_BIT_CONVERSION = YES;
				GCC_WARN_ABOUT_RETURN_TYPE = YES_ERROR;
				GCC_WARN_UNDECLARED_SELECTOR = YES;
				GCC_WARN_UNINITIALIZED_AUTOS = YES_AGGRESSIVE;
				GCC_WARN_UNUSED_FUNCTION = YES;
				GCC_WARN_UNUSED_VARIABLE = YES;
				IPHONEOS_DEPLOYMENT_TARGET = 14.0;
				MTL_ENABLE_DEBUG_INFO = NO;
				MTL_FAST_MATH = YES;
				SDKROOT = iphoneos;
				SWIFT_COMPILATION_MODE = wholemodule;
				SWIFT_OPTIMIZATION_LEVEL = "-O";
				VALIDATE_PRODUCT = YES;
			};
			name = Release;
		};
		746C6A7924B0BD1C006358BE /* Debug */ = {
			isa = XCBuildConfiguration;
			buildSettings = {
				ASSETCATALOG_COMPILER_APPICON_NAME = AppIcon;
				ASSETCATALOG_COMPILER_GLOBAL_ACCENT_COLOR_NAME = AccentColor;
				CODE_SIGN_STYLE = Automatic;
				DEVELOPMENT_ASSET_PATHS = "\"Progressbar/Preview Content\"";
				DEVELOPMENT_TEAM = WHPTPCER3U;
				ENABLE_PREVIEWS = YES;
				INFOPLIST_FILE = Progressbar/Info.plist;
				LD_RUNPATH_SEARCH_PATHS = (
					"$(inherited)",
					"@executable_path/Frameworks",
				);
				PRODUCT_BUNDLE_IDENTIFIER = com.piecesofmymind.iphone.Progressbar;
				PRODUCT_NAME = "$(TARGET_NAME)";
				SWIFT_VERSION = 5.0;
				TARGETED_DEVICE_FAMILY = "1,2";
			};
			name = Debug;
		};
		746C6A7A24B0BD1C006358BE /* Release */ = {
			isa = XCBuildConfiguration;
			buildSettings = {
				ASSETCATALOG_COMPILER_APPICON_NAME = AppIcon;
				ASSETCATALOG_COMPILER_GLOBAL_ACCENT_COLOR_NAME = AccentColor;
				CODE_SIGN_STYLE = Automatic;
				DEVELOPMENT_ASSET_PATHS = "\"Progressbar/Preview Content\"";
				DEVELOPMENT_TEAM = WHPTPCER3U;
				ENABLE_PREVIEWS = YES;
				INFOPLIST_FILE = Progressbar/Info.plist;
				LD_RUNPATH_SEARCH_PATHS = (
					"$(inherited)",
					"@executable_path/Frameworks",
				);
				PRODUCT_BUNDLE_IDENTIFIER = com.piecesofmymind.iphone.Progressbar;
				PRODUCT_NAME = "$(TARGET_NAME)";
				SWIFT_VERSION = 5.0;
				TARGETED_DEVICE_FAMILY = "1,2";
			};
			name = Release;
		};
		746C6A7C24B0BD1C006358BE /* Debug */ = {
			isa = XCBuildConfiguration;
			buildSettings = {
				ALWAYS_EMBED_SWIFT_STANDARD_LIBRARIES = YES;
				BUNDLE_LOADER = "$(TEST_HOST)";
				CODE_SIGN_STYLE = Automatic;
				DEVELOPMENT_TEAM = WHPTPCER3U;
				INFOPLIST_FILE = ProgressbarTests/Info.plist;
				IPHONEOS_DEPLOYMENT_TARGET = 14.0;
				LD_RUNPATH_SEARCH_PATHS = (
					"$(inherited)",
					"@executable_path/Frameworks",
					"@loader_path/Frameworks",
				);
				PRODUCT_BUNDLE_IDENTIFIER = com.piecesofmymind.iphone.ProgressbarTests;
				PRODUCT_NAME = "$(TARGET_NAME)";
				SWIFT_VERSION = 5.0;
				TARGETED_DEVICE_FAMILY = "1,2";
				TEST_HOST = "$(BUILT_PRODUCTS_DIR)/Progressbar.app/Progressbar";
			};
			name = Debug;
		};
		746C6A7D24B0BD1C006358BE /* Release */ = {
			isa = XCBuildConfiguration;
			buildSettings = {
				ALWAYS_EMBED_SWIFT_STANDARD_LIBRARIES = YES;
				BUNDLE_LOADER = "$(TEST_HOST)";
				CODE_SIGN_STYLE = Automatic;
				DEVELOPMENT_TEAM = WHPTPCER3U;
				INFOPLIST_FILE = ProgressbarTests/Info.plist;
				IPHONEOS_DEPLOYMENT_TARGET = 14.0;
				LD_RUNPATH_SEARCH_PATHS = (
					"$(inherited)",
					"@executable_path/Frameworks",
					"@loader_path/Frameworks",
				);
				PRODUCT_BUNDLE_IDENTIFIER = com.piecesofmymind.iphone.ProgressbarTests;
				PRODUCT_NAME = "$(TARGET_NAME)";
				SWIFT_VERSION = 5.0;
				TARGETED_DEVICE_FAMILY = "1,2";
				TEST_HOST = "$(BUILT_PRODUCTS_DIR)/Progressbar.app/Progressbar";
			};
			name = Release;
		};
		746C6A7F24B0BD1C006358BE /* Debug */ = {
			isa = XCBuildConfiguration;
			buildSettings = {
				ALWAYS_EMBED_SWIFT_STANDARD_LIBRARIES = YES;
				CODE_SIGN_STYLE = Automatic;
				DEVELOPMENT_TEAM = WHPTPCER3U;
				INFOPLIST_FILE = ProgressbarUITests/Info.plist;
				LD_RUNPATH_SEARCH_PATHS = (
					"$(inherited)",
					"@executable_path/Frameworks",
					"@loader_path/Frameworks",
				);
				PRODUCT_BUNDLE_IDENTIFIER = com.piecesofmymind.iphone.ProgressbarUITests;
				PRODUCT_NAME = "$(TARGET_NAME)";
				SWIFT_VERSION = 5.0;
				TARGETED_DEVICE_FAMILY = "1,2";
				TEST_TARGET_NAME = Progressbar;
			};
			name = Debug;
		};
		746C6A8024B0BD1C006358BE /* Release */ = {
			isa = XCBuildConfiguration;
			buildSettings = {
				ALWAYS_EMBED_SWIFT_STANDARD_LIBRARIES = YES;
				CODE_SIGN_STYLE = Automatic;
				DEVELOPMENT_TEAM = WHPTPCER3U;
				INFOPLIST_FILE = ProgressbarUITests/Info.plist;
				LD_RUNPATH_SEARCH_PATHS = (
					"$(inherited)",
					"@executable_path/Frameworks",
					"@loader_path/Frameworks",
				);
				PRODUCT_BUNDLE_IDENTIFIER = com.piecesofmymind.iphone.ProgressbarUITests;
				PRODUCT_NAME = "$(TARGET_NAME)";
				SWIFT_VERSION = 5.0;
				TARGETED_DEVICE_FAMILY = "1,2";
				TEST_TARGET_NAME = Progressbar;
			};
			name = Release;
		};
/* End XCBuildConfiguration section */

/* Begin XCConfigurationList section */
		746C6A4924B0BD1B006358BE /* Build configuration list for PBXProject "Progressbar" */ = {
			isa = XCConfigurationList;
			buildConfigurations = (
				746C6A7624B0BD1C006358BE /* Debug */,
				746C6A7724B0BD1C006358BE /* Release */,
			);
			defaultConfigurationIsVisible = 0;
			defaultConfigurationName = Release;
		};
		746C6A7824B0BD1C006358BE /* Build configuration list for PBXNativeTarget "Progressbar" */ = {
			isa = XCConfigurationList;
			buildConfigurations = (
				746C6A7924B0BD1C006358BE /* Debug */,
				746C6A7A24B0BD1C006358BE /* Release */,
			);
			defaultConfigurationIsVisible = 0;
			defaultConfigurationName = Release;
		};
		746C6A7B24B0BD1C006358BE /* Build configuration list for PBXNativeTarget "ProgressbarTests" */ = {
			isa = XCConfigurationList;
			buildConfigurations = (
				746C6A7C24B0BD1C006358BE /* Debug */,
				746C6A7D24B0BD1C006358BE /* Release */,
			);
			defaultConfigurationIsVisible = 0;
			defaultConfigurationName = Release;
		};
		746C6A7E24B0BD1C006358BE /* Build configuration list for PBXNativeTarget "ProgressbarUITests" */ = {
			isa = XCConfigurationList;
			buildConfigurations = (
				746C6A7F24B0BD1C006358BE /* Debug */,
				746C6A8024B0BD1C006358BE /* Release */,
			);
			defaultConfigurationIsVisible = 0;
			defaultConfigurationName = Release;
		};
/* End XCConfigurationList section */
	};
	rootObject = 746C6A4624B0BD1B006358BE /* Project object */;
}
